
Microsoft Visual Studio Solution File, Format Version 12.00
# Visual Studio 2015
Project("{FAE04EC0-301F-11D3-BF4B-00C04F79EFBC}") = "P4.Plugins", "P4.Plugins.csproj", "{531B4AE0-77E1-DF63-B137-CAD228419649}"
EndProject
Project("{FAE04EC0-301F-11D3-BF4B-00C04F79EFBC}") = "P4", "P4.csproj", "{296401F5-69D3-A746-22F8-B13D5662FED0}"
EndProject
Project("{FAE04EC0-301F-11D3-BF4B-00C04F79EFBC}") = "P4.Editor", "P4.Editor.csproj", "{529E3913-7AF7-9876-9E91-B13EA4742435}"
EndProject
Global
	GlobalSection(SolutionConfigurationPlatforms) = preSolution
		Debug|Any CPU = Debug|Any CPU
		Release|Any CPU = Release|Any CPU
	EndGlobalSection
	GlobalSection(ProjectConfigurationPlatforms) = postSolution
		{531B4AE0-77E1-DF63-B137-CAD228419649}.Debug|Any CPU.ActiveCfg = Debug|Any CPU
		{531B4AE0-77E1-DF63-B137-CAD228419649}.Debug|Any CPU.Build.0 = Debug|Any CPU
		{531B4AE0-77E1-DF63-B137-CAD228419649}.Release|Any CPU.ActiveCfg = Release|Any CPU
		{531B4AE0-77E1-DF63-B137-CAD228419649}.Release|Any CPU.Build.0 = Release|Any CPU
		{296401F5-69D3-A746-22F8-B13D5662FED0}.Debug|Any CPU.ActiveCfg = Debug|Any CPU
		{296401F5-69D3-A746-22F8-B13D5662FED0}.Debug|Any CPU.Build.0 = Debug|Any CPU
		{296401F5-69D3-A746-22F8-B13D5662FED0}.Release|Any CPU.ActiveCfg = Release|Any CPU
		{296401F5-69D3-A746-22F8-B13D5662FED0}.Release|Any CPU.Build.0 = Release|Any CPU
		{529E3913-7AF7-9876-9E91-B13EA4742435}.Debug|Any CPU.ActiveCfg = Debug|Any CPU
		{529E3913-7AF7-9876-9E91-B13EA4742435}.Debug|Any CPU.Build.0 = Debug|Any CPU
		{529E3913-7AF7-9876-9E91-B13EA4742435}.Release|Any CPU.ActiveCfg = Release|Any CPU
		{529E3913-7AF7-9876-9E91-B13EA4742435}.Release|Any CPU.Build.0 = Release|Any CPU
	EndGlobalSection
	GlobalSection(SolutionProperties) = preSolution
		HideSolutionNode = FALSE
	EndGlobalSection
EndGlobal
